
Microsoft Visual Studio Solution File, Format Version 12.00
# Visual Studio Version 17
VisualStudioVersion = 17.13.35931.197
MinimumVisualStudioVersion = 10.0.40219.1
Project("{FAE04EC0-301F-11D3-BF4B-00C04F79EFBC}") = "FuncAppShortCircuitSvc", "FuncAppShortCircuitSvc.csproj", "{A7798F69-999F-4948-9C17-0CAA2BB78F50}"
EndProject
Global
	GlobalSection(SolutionConfigurationPlatforms) = preSolution
		Debug|Any CPU = Debug|Any CPU
		Release|Any CPU = Release|Any CPU
	EndGlobalSection
	GlobalSection(ProjectConfigurationPlatforms) = postSolution
		{A7798F69-999F-4948-9C17-0CAA2BB78F50}.Debug|Any CPU.ActiveCfg = Debug|Any CPU
		{A7798F69-999F-4948-9C17-0CAA2BB78F50}.Debug|Any CPU.Build.0 = Debug|Any CPU
		{A7798F69-999F-4948-9C17-0CAA2BB78F50}.Release|Any CPU.ActiveCfg = Release|Any CPU
		{A7798F69-999F-4948-9C17-0CAA2BB78F50}.Release|Any CPU.Build.0 = Release|Any CPU
	EndGlobalSection
	GlobalSection(SolutionProperties) = preSolution
		HideSolutionNode = FALSE
	EndGlobalSection
	GlobalSection(ExtensibilityGlobals) = postSolution
		SolutionGuid = {EAFCB4D2-8785-4148-B13E-5F58D7EF3211}
	EndGlobalSection
EndGlobal
